// !$*UTF8*$!
{
	archiveVersion = 1;
	classes = {
	};
	objectVersion = 55;
	objects = {

/* Begin PBXBuildFile section */
		2A47ED7028F58B3500A78151 /* BraveCloneApp.swift in Sources */ = {isa = PBXBuildFile; fileRef = 2A47ED6F28F58B3500A78151 /* BraveCloneApp.swift */; };
		2A47ED7228F58B3500A78151 /* ContentView.swift in Sources */ = {isa = PBXBuildFile; fileRef = 2A47ED7128F58B3500A78151 /* ContentView.swift */; };
		2A47ED7428F58B3700A78151 /* Assets.xcassets in Resources */ = {isa = PBXBuildFile; fileRef = 2A47ED7328F58B3700A78151 /* Assets.xcassets */; };
		2A47ED7728F58B3700A78151 /* Preview Assets.xcassets in Resources */ = {isa = PBXBuildFile; fileRef = 2A47ED7628F58B3700A78151 /* Preview Assets.xcassets */; };
		2A47ED8228F58B3700A78151 /* BraveCloneTests.swift in Sources */ = {isa = PBXBuildFile; fileRef = 2A47ED8128F58B3700A78151 /* BraveCloneTests.swift */; };
		2A47ED8C28F58B3700A78151 /* BraveCloneUITests.swift in Sources */ = {isa = PBXBuildFile; fileRef = 2A47ED8B28F58B3700A78151 /* BraveCloneUITests.swift */; };
		2A47ED8E28F58B3700A78151 /* BraveCloneUITestsLaunchTests.swift in Sources */ = {isa = PBXBuildFile; fileRef = 2A47ED8D28F58B3700A78151 /* BraveCloneUITestsLaunchTests.swift */; };
		2A88FE2828F5A4360058303A /* WebServer.swift in Sources */ = {isa = PBXBuildFile; fileRef = 2A88FE2728F5A4360058303A /* WebServer.swift */; };
		2A88FE2928F5A4360058303A /* WebServer.swift in Sources */ = {isa = PBXBuildFile; fileRef = 2A88FE2728F5A4360058303A /* WebServer.swift */; };
		2A88FE2A28F5A4360058303A /* WebServer.swift in Sources */ = {isa = PBXBuildFile; fileRef = 2A88FE2728F5A4360058303A /* WebServer.swift */; };
		2A88FE3328F5A4F20058303A /* AppConstants.swift in Sources */ = {isa = PBXBuildFile; fileRef = 2A88FE3228F5A4F20058303A /* AppConstants.swift */; };
		2A88FE3428F5A4F20058303A /* AppConstants.swift in Sources */ = {isa = PBXBuildFile; fileRef = 2A88FE3228F5A4F20058303A /* AppConstants.swift */; };
		2A88FE3528F5A4F20058303A /* AppConstants.swift in Sources */ = {isa = PBXBuildFile; fileRef = 2A88FE3228F5A4F20058303A /* AppConstants.swift */; };
		2A88FE3C28F6EAD70058303A /* AppDelegate.swift in Sources */ = {isa = PBXBuildFile; fileRef = 2A88FE3B28F6EAD70058303A /* AppDelegate.swift */; };
		2A88FE3D28F6EAD70058303A /* AppDelegate.swift in Sources */ = {isa = PBXBuildFile; fileRef = 2A88FE3B28F6EAD70058303A /* AppDelegate.swift */; };
		2A88FE3E28F6EAD70058303A /* AppDelegate.swift in Sources */ = {isa = PBXBuildFile; fileRef = 2A88FE3B28F6EAD70058303A /* AppDelegate.swift */; };
		2A88FE4028F6EE1B0058303A /* ClientTests.swift in Sources */ = {isa = PBXBuildFile; fileRef = 2A88FE3F28F6EE1B0058303A /* ClientTests.swift */; };
		2A88FE4328F6F0680058303A /* URLExtensions.swift in Sources */ = {isa = PBXBuildFile; fileRef = 2A88FE4228F6F0680058303A /* URLExtensions.swift */; };
		2A88FE4428F6F0680058303A /* URLExtensions.swift in Sources */ = {isa = PBXBuildFile; fileRef = 2A88FE4228F6F0680058303A /* URLExtensions.swift */; };
		2A88FE4528F6F0680058303A /* URLExtensions.swift in Sources */ = {isa = PBXBuildFile; fileRef = 2A88FE4228F6F0680058303A /* URLExtensions.swift */; };
		2A88FE5128F9870E0058303A /* SceneDelegate.swift in Sources */ = {isa = PBXBuildFile; fileRef = 2A88FE5028F9870E0058303A /* SceneDelegate.swift */; };
		2A88FE5228F9870E0058303A /* SceneDelegate.swift in Sources */ = {isa = PBXBuildFile; fileRef = 2A88FE5028F9870E0058303A /* SceneDelegate.swift */; };
		2A88FE5328F9870E0058303A /* SceneDelegate.swift in Sources */ = {isa = PBXBuildFile; fileRef = 2A88FE5028F9870E0058303A /* SceneDelegate.swift */; };
		6E79B06408B0160744D28BD9 /* Pods_BraveCloneTests.framework in Frameworks */ = {isa = PBXBuildFile; fileRef = 42C9382F5B9FDDECD7ECA543 /* Pods_BraveCloneTests.framework */; };
		C612AC5EC892CC0BC7708DAA /* Pods_BraveClone.framework in Frameworks */ = {isa = PBXBuildFile; fileRef = 13CD2BAA1C5597C9E1543692 /* Pods_BraveClone.framework */; };
		CE2D984F00AA455E304A3631 /* Pods_BraveClone_BraveCloneUITests.framework in Frameworks */ = {isa = PBXBuildFile; fileRef = 51DF190733FD97059246BB88 /* Pods_BraveClone_BraveCloneUITests.framework */; };
/* End PBXBuildFile section */

/* Begin PBXContainerItemProxy section */
		2A47ED7E28F58B3700A78151 /* PBXContainerItemProxy */ = {
			isa = PBXContainerItemProxy;
			containerPortal = 2A47ED6428F58B3500A78151 /* Project object */;
			proxyType = 1;
			remoteGlobalIDString = 2A47ED6B28F58B3500A78151;
			remoteInfo = BraveClone;
		};
		2A47ED8828F58B3700A78151 /* PBXContainerItemProxy */ = {
			isa = PBXContainerItemProxy;
			containerPortal = 2A47ED6428F58B3500A78151 /* Project object */;
			proxyType = 1;
			remoteGlobalIDString = 2A47ED6B28F58B3500A78151;
			remoteInfo = BraveClone;
		};
/* End PBXContainerItemProxy section */

/* Begin PBXFileReference section */
		13CD2BAA1C5597C9E1543692 /* Pods_BraveClone.framework */ = {isa = PBXFileReference; explicitFileType = wrapper.framework; includeInIndex = 0; path = Pods_BraveClone.framework; sourceTree = BUILT_PRODUCTS_DIR; };
		2A47ED6C28F58B3500A78151 /* BraveClone.app */ = {isa = PBXFileReference; explicitFileType = wrapper.application; includeInIndex = 0; path = BraveClone.app; sourceTree = BUILT_PRODUCTS_DIR; };
		2A47ED6F28F58B3500A78151 /* BraveCloneApp.swift */ = {isa = PBXFileReference; lastKnownFileType = sourcecode.swift; path = BraveCloneApp.swift; sourceTree = "<group>"; };
		2A47ED7128F58B3500A78151 /* ContentView.swift */ = {isa = PBXFileReference; lastKnownFileType = sourcecode.swift; path = ContentView.swift; sourceTree = "<group>"; };
		2A47ED7328F58B3700A78151 /* Assets.xcassets */ = {isa = PBXFileReference; lastKnownFileType = folder.assetcatalog; path = Assets.xcassets; sourceTree = "<group>"; };
		2A47ED7628F58B3700A78151 /* Preview Assets.xcassets */ = {isa = PBXFileReference; lastKnownFileType = folder.assetcatalog; path = "Preview Assets.xcassets"; sourceTree = "<group>"; };
		2A47ED7828F58B3700A78151 /* BraveClone.entitlements */ = {isa = PBXFileReference; lastKnownFileType = text.plist.entitlements; path = BraveClone.entitlements; sourceTree = "<group>"; };
		2A47ED7D28F58B3700A78151 /* BraveCloneTests.xctest */ = {isa = PBXFileReference; explicitFileType = wrapper.cfbundle; includeInIndex = 0; path = BraveCloneTests.xctest; sourceTree = BUILT_PRODUCTS_DIR; };
		2A47ED8128F58B3700A78151 /* BraveCloneTests.swift */ = {isa = PBXFileReference; lastKnownFileType = sourcecode.swift; path = BraveCloneTests.swift; sourceTree = "<group>"; };
		2A47ED8728F58B3700A78151 /* BraveCloneUITests.xctest */ = {isa = PBXFileReference; explicitFileType = wrapper.cfbundle; includeInIndex = 0; path = BraveCloneUITests.xctest; sourceTree = BUILT_PRODUCTS_DIR; };
		2A47ED8B28F58B3700A78151 /* BraveCloneUITests.swift */ = {isa = PBXFileReference; lastKnownFileType = sourcecode.swift; path = BraveCloneUITests.swift; sourceTree = "<group>"; };
		2A47ED8D28F58B3700A78151 /* BraveCloneUITestsLaunchTests.swift */ = {isa = PBXFileReference; lastKnownFileType = sourcecode.swift; path = BraveCloneUITestsLaunchTests.swift; sourceTree = "<group>"; };
		2A88FE2728F5A4360058303A /* WebServer.swift */ = {isa = PBXFileReference; lastKnownFileType = sourcecode.swift; path = WebServer.swift; sourceTree = "<group>"; };
		2A88FE3228F5A4F20058303A /* AppConstants.swift */ = {isa = PBXFileReference; lastKnownFileType = sourcecode.swift; path = AppConstants.swift; sourceTree = "<group>"; };
		2A88FE3B28F6EAD70058303A /* AppDelegate.swift */ = {isa = PBXFileReference; lastKnownFileType = sourcecode.swift; path = AppDelegate.swift; sourceTree = "<group>"; };
		2A88FE3F28F6EE1B0058303A /* ClientTests.swift */ = {isa = PBXFileReference; lastKnownFileType = sourcecode.swift; path = ClientTests.swift; sourceTree = "<group>"; };
		2A88FE4228F6F0680058303A /* URLExtensions.swift */ = {isa = PBXFileReference; lastKnownFileType = sourcecode.swift; path = URLExtensions.swift; sourceTree = "<group>"; };
		2A88FE5028F9870E0058303A /* SceneDelegate.swift */ = {isa = PBXFileReference; lastKnownFileType = sourcecode.swift; path = SceneDelegate.swift; sourceTree = "<group>"; };
		336263951E4C17CA8364D3A6 /* Pods-BraveClone.debug.xcconfig */ = {isa = PBXFileReference; includeInIndex = 1; lastKnownFileType = text.xcconfig; name = "Pods-BraveClone.debug.xcconfig"; path = "Target Support Files/Pods-BraveClone/Pods-BraveClone.debug.xcconfig"; sourceTree = "<group>"; };
		42C9382F5B9FDDECD7ECA543 /* Pods_BraveCloneTests.framework */ = {isa = PBXFileReference; explicitFileType = wrapper.framework; includeInIndex = 0; path = Pods_BraveCloneTests.framework; sourceTree = BUILT_PRODUCTS_DIR; };
		4392B46A317FA402B5FA244E /* Pods-BraveClone.release.xcconfig */ = {isa = PBXFileReference; includeInIndex = 1; lastKnownFileType = text.xcconfig; name = "Pods-BraveClone.release.xcconfig"; path = "Target Support Files/Pods-BraveClone/Pods-BraveClone.release.xcconfig"; sourceTree = "<group>"; };
		51DF190733FD97059246BB88 /* Pods_BraveClone_BraveCloneUITests.framework */ = {isa = PBXFileReference; explicitFileType = wrapper.framework; includeInIndex = 0; path = Pods_BraveClone_BraveCloneUITests.framework; sourceTree = BUILT_PRODUCTS_DIR; };
		5E3EF904F93FB3D7C51A77AE /* Pods-BraveClone-BraveCloneUITests.debug.xcconfig */ = {isa = PBXFileReference; includeInIndex = 1; lastKnownFileType = text.xcconfig; name = "Pods-BraveClone-BraveCloneUITests.debug.xcconfig"; path = "Target Support Files/Pods-BraveClone-BraveCloneUITests/Pods-BraveClone-BraveCloneUITests.debug.xcconfig"; sourceTree = "<group>"; };
		C3BB8DD1054AA276A08E67EC /* Pods-BraveCloneTests.release.xcconfig */ = {isa = PBXFileReference; includeInIndex = 1; lastKnownFileType = text.xcconfig; name = "Pods-BraveCloneTests.release.xcconfig"; path = "Target Support Files/Pods-BraveCloneTests/Pods-BraveCloneTests.release.xcconfig"; sourceTree = "<group>"; };
		D751528996C342690C7E801E /* Pods-BraveClone-BraveCloneUITests.release.xcconfig */ = {isa = PBXFileReference; includeInIndex = 1; lastKnownFileType = text.xcconfig; name = "Pods-BraveClone-BraveCloneUITests.release.xcconfig"; path = "Target Support Files/Pods-BraveClone-BraveCloneUITests/Pods-BraveClone-BraveCloneUITests.release.xcconfig"; sourceTree = "<group>"; };
		E5CA7AC12306C208100F3146 /* Pods-BraveCloneTests.debug.xcconfig */ = {isa = PBXFileReference; includeInIndex = 1; lastKnownFileType = text.xcconfig; name = "Pods-BraveCloneTests.debug.xcconfig"; path = "Target Support Files/Pods-BraveCloneTests/Pods-BraveCloneTests.debug.xcconfig"; sourceTree = "<group>"; };
/* End PBXFileReference section */

/* Begin PBXFrameworksBuildPhase section */
		2A47ED6928F58B3500A78151 /* Frameworks */ = {
			isa = PBXFrameworksBuildPhase;
			buildActionMask = 2147483647;
			files = (
				C612AC5EC892CC0BC7708DAA /* Pods_BraveClone.framework in Frameworks */,
			);
			runOnlyForDeploymentPostprocessing = 0;
		};
		2A47ED7A28F58B3700A78151 /* Frameworks */ = {
			isa = PBXFrameworksBuildPhase;
			buildActionMask = 2147483647;
			files = (
				6E79B06408B0160744D28BD9 /* Pods_BraveCloneTests.framework in Frameworks */,
			);
			runOnlyForDeploymentPostprocessing = 0;
		};
		2A47ED8428F58B3700A78151 /* Frameworks */ = {
			isa = PBXFrameworksBuildPhase;
			buildActionMask = 2147483647;
			files = (
				CE2D984F00AA455E304A3631 /* Pods_BraveClone_BraveCloneUITests.framework in Frameworks */,
			);
			runOnlyForDeploymentPostprocessing = 0;
		};
/* End PBXFrameworksBuildPhase section */

/* Begin PBXGroup section */
		2A47ED6328F58B3500A78151 = {
			isa = PBXGroup;
			children = (
				2A88FE3028F5A4CA0058303A /* Sources */,
				2A88FE2528F5A4010058303A /* Client */,
				2A47ED6E28F58B3500A78151 /* BraveClone */,
				2A47ED8028F58B3700A78151 /* BraveCloneTests */,
				2A47ED8A28F58B3700A78151 /* BraveCloneUITests */,
				2A47ED6D28F58B3500A78151 /* Products */,
				32C0A457B503A6AAA59341B1 /* Pods */,
				D89B52627C5E9B7DDB40C52F /* Frameworks */,
			);
			sourceTree = "<group>";
		};
		2A47ED6D28F58B3500A78151 /* Products */ = {
			isa = PBXGroup;
			children = (
				2A47ED6C28F58B3500A78151 /* BraveClone.app */,
				2A47ED7D28F58B3700A78151 /* BraveCloneTests.xctest */,
				2A47ED8728F58B3700A78151 /* BraveCloneUITests.xctest */,
			);
			name = Products;
			sourceTree = "<group>";
		};
		2A47ED6E28F58B3500A78151 /* BraveClone */ = {
			isa = PBXGroup;
			children = (
				2A88FE3928F6EAB80058303A /* iOS */,
				2A47ED6F28F58B3500A78151 /* BraveCloneApp.swift */,
				2A47ED7128F58B3500A78151 /* ContentView.swift */,
				2A47ED7328F58B3700A78151 /* Assets.xcassets */,
				2A47ED7828F58B3700A78151 /* BraveClone.entitlements */,
				2A47ED7528F58B3700A78151 /* Preview Content */,
			);
			path = BraveClone;
			sourceTree = "<group>";
		};
		2A47ED7528F58B3700A78151 /* Preview Content */ = {
			isa = PBXGroup;
			children = (
				2A47ED7628F58B3700A78151 /* Preview Assets.xcassets */,
			);
			path = "Preview Content";
			sourceTree = "<group>";
		};
		2A47ED8028F58B3700A78151 /* BraveCloneTests */ = {
			isa = PBXGroup;
			children = (
				2A88FE3628F6E9A20058303A /* ClientTests */,
				2A47ED8128F58B3700A78151 /* BraveCloneTests.swift */,
			);
			path = BraveCloneTests;
			sourceTree = "<group>";
		};
		2A47ED8A28F58B3700A78151 /* BraveCloneUITests */ = {
			isa = PBXGroup;
			children = (
				2A47ED8B28F58B3700A78151 /* BraveCloneUITests.swift */,
				2A47ED8D28F58B3700A78151 /* BraveCloneUITestsLaunchTests.swift */,
			);
			path = BraveCloneUITests;
			sourceTree = "<group>";
		};
		2A88FE2528F5A4010058303A /* Client */ = {
			isa = PBXGroup;
			children = (
				2A88FE2628F5A41A0058303A /* Networking */,
			);
			path = Client;
			sourceTree = "<group>";
		};
		2A88FE2628F5A41A0058303A /* Networking */ = {
			isa = PBXGroup;
			children = (
				2A88FE2728F5A4360058303A /* WebServer.swift */,
			);
			path = Networking;
			sourceTree = "<group>";
		};
		2A88FE3028F5A4CA0058303A /* Sources */ = {
			isa = PBXGroup;
			children = (
				2A88FE3128F5A4D80058303A /* Shared */,
			);
			path = Sources;
			sourceTree = "<group>";
		};
		2A88FE3128F5A4D80058303A /* Shared */ = {
			isa = PBXGroup;
			children = (
				2A88FE4128F6F04C0058303A /* Extensions */,
				2A88FE3228F5A4F20058303A /* AppConstants.swift */,
			);
			path = Shared;
			sourceTree = "<group>";
		};
		2A88FE3628F6E9A20058303A /* ClientTests */ = {
			isa = PBXGroup;
			children = (
				2A88FE3F28F6EE1B0058303A /* ClientTests.swift */,
			);
			path = ClientTests;
			sourceTree = "<group>";
		};
		2A88FE3928F6EAB80058303A /* iOS */ = {
			isa = PBXGroup;
			children = (
				2A88FE3A28F6EAC00058303A /* Delegates */,
			);
			path = iOS;
			sourceTree = "<group>";
		};
		2A88FE3A28F6EAC00058303A /* Delegates */ = {
			isa = PBXGroup;
			children = (
				2A88FE3B28F6EAD70058303A /* AppDelegate.swift */,
				2A88FE5028F9870E0058303A /* SceneDelegate.swift */,
			);
			path = Delegates;
			sourceTree = "<group>";
		};
		2A88FE4128F6F04C0058303A /* Extensions */ = {
			isa = PBXGroup;
			children = (
				2A88FE4228F6F0680058303A /* URLExtensions.swift */,
			);
			path = Extensions;
			sourceTree = "<group>";
		};
		32C0A457B503A6AAA59341B1 /* Pods */ = {
			isa = PBXGroup;
			children = (
				336263951E4C17CA8364D3A6 /* Pods-BraveClone.debug.xcconfig */,
				4392B46A317FA402B5FA244E /* Pods-BraveClone.release.xcconfig */,
				5E3EF904F93FB3D7C51A77AE /* Pods-BraveClone-BraveCloneUITests.debug.xcconfig */,
				D751528996C342690C7E801E /* Pods-BraveClone-BraveCloneUITests.release.xcconfig */,
				E5CA7AC12306C208100F3146 /* Pods-BraveCloneTests.debug.xcconfig */,
				C3BB8DD1054AA276A08E67EC /* Pods-BraveCloneTests.release.xcconfig */,
			);
			path = Pods;
			sourceTree = "<group>";
		};
		D89B52627C5E9B7DDB40C52F /* Frameworks */ = {
			isa = PBXGroup;
			children = (
				13CD2BAA1C5597C9E1543692 /* Pods_BraveClone.framework */,
				51DF190733FD97059246BB88 /* Pods_BraveClone_BraveCloneUITests.framework */,
				42C9382F5B9FDDECD7ECA543 /* Pods_BraveCloneTests.framework */,
			);
			name = Frameworks;
			sourceTree = "<group>";
		};
/* End PBXGroup section */

/* Begin PBXNativeTarget section */
		2A47ED6B28F58B3500A78151 /* BraveClone */ = {
			isa = PBXNativeTarget;
			buildConfigurationList = 2A47ED9128F58B3700A78151 /* Build configuration list for PBXNativeTarget "BraveClone" */;
			buildPhases = (
				5F7EA7FA666F88381DFA901D /* [CP] Check Pods Manifest.lock */,
				2A47ED6828F58B3500A78151 /* Sources */,
				2A47ED6928F58B3500A78151 /* Frameworks */,
				2A47ED6A28F58B3500A78151 /* Resources */,
				13927F4FE1D64788E3A1BB11 /* [CP] Embed Pods Frameworks */,
			);
			buildRules = (
			);
			dependencies = (
			);
			name = BraveClone;
			packageProductDependencies = (
			);
			productName = BraveClone;
			productReference = 2A47ED6C28F58B3500A78151 /* BraveClone.app */;
			productType = "com.apple.product-type.application";
		};
		2A47ED7C28F58B3700A78151 /* BraveCloneTests */ = {
			isa = PBXNativeTarget;
			buildConfigurationList = 2A47ED9428F58B3700A78151 /* Build configuration list for PBXNativeTarget "BraveCloneTests" */;
			buildPhases = (
				C8F0E47A26C3B4AA813EF196 /* [CP] Check Pods Manifest.lock */,
				2A47ED7928F58B3700A78151 /* Sources */,
				2A47ED7A28F58B3700A78151 /* Frameworks */,
				2A47ED7B28F58B3700A78151 /* Resources */,
			);
			buildRules = (
			);
			dependencies = (
				2A47ED7F28F58B3700A78151 /* PBXTargetDependency */,
			);
			name = BraveCloneTests;
			packageProductDependencies = (
			);
			productName = BraveCloneTests;
			productReference = 2A47ED7D28F58B3700A78151 /* BraveCloneTests.xctest */;
			productType = "com.apple.product-type.bundle.unit-test";
		};
		2A47ED8628F58B3700A78151 /* BraveCloneUITests */ = {
			isa = PBXNativeTarget;
			buildConfigurationList = 2A47ED9728F58B3700A78151 /* Build configuration list for PBXNativeTarget "BraveCloneUITests" */;
			buildPhases = (
				827C31783688D0ED6C5C85A6 /* [CP] Check Pods Manifest.lock */,
				2A47ED8328F58B3700A78151 /* Sources */,
				2A47ED8428F58B3700A78151 /* Frameworks */,
				2A47ED8528F58B3700A78151 /* Resources */,
				F44D41A7502811664CADC677 /* [CP] Embed Pods Frameworks */,
			);
			buildRules = (
			);
			dependencies = (
				2A47ED8928F58B3700A78151 /* PBXTargetDependency */,
			);
			name = BraveCloneUITests;
			packageProductDependencies = (
			);
			productName = BraveCloneUITests;
			productReference = 2A47ED8728F58B3700A78151 /* BraveCloneUITests.xctest */;
			productType = "com.apple.product-type.bundle.ui-testing";
		};
/* End PBXNativeTarget section */

/* Begin PBXProject section */
		2A47ED6428F58B3500A78151 /* Project object */ = {
			isa = PBXProject;
			attributes = {
				BuildIndependentTargetsInParallel = 1;
				LastSwiftUpdateCheck = 1400;
				LastUpgradeCheck = 1400;
				TargetAttributes = {
					2A47ED6B28F58B3500A78151 = {
						CreatedOnToolsVersion = 14.0.1;
					};
					2A47ED7C28F58B3700A78151 = {
						CreatedOnToolsVersion = 14.0.1;
						TestTargetID = 2A47ED6B28F58B3500A78151;
					};
					2A47ED8628F58B3700A78151 = {
						CreatedOnToolsVersion = 14.0.1;
						TestTargetID = 2A47ED6B28F58B3500A78151;
					};
				};
			};
			buildConfigurationList = 2A47ED6728F58B3500A78151 /* Build configuration list for PBXProject "BraveClone" */;
			compatibilityVersion = "Xcode 13.0";
			developmentRegion = en;
			hasScannedForEncodings = 0;
			knownRegions = (
				en,
				Base,
			);
			mainGroup = 2A47ED6328F58B3500A78151;
			packageReferences = (
				2A88FE2B28F5A4900058303A /* XCRemoteSwiftPackageReference "XCGLogger" */,
			);
			productRefGroup = 2A47ED6D28F58B3500A78151 /* Products */;
			projectDirPath = "";
			projectRoot = "";
			targets = (
				2A47ED6B28F58B3500A78151 /* BraveClone */,
				2A47ED7C28F58B3700A78151 /* BraveCloneTests */,
				2A47ED8628F58B3700A78151 /* BraveCloneUITests */,
			);
		};
/* End PBXProject section */

/* Begin PBXResourcesBuildPhase section */
		2A47ED6A28F58B3500A78151 /* Resources */ = {
			isa = PBXResourcesBuildPhase;
			buildActionMask = 2147483647;
			files = (
				2A47ED7728F58B3700A78151 /* Preview Assets.xcassets in Resources */,
				2A47ED7428F58B3700A78151 /* Assets.xcassets in Resources */,
			);
			runOnlyForDeploymentPostprocessing = 0;
		};
		2A47ED7B28F58B3700A78151 /* Resources */ = {
			isa = PBXResourcesBuildPhase;
			buildActionMask = 2147483647;
			files = (
			);
			runOnlyForDeploymentPostprocessing = 0;
		};
		2A47ED8528F58B3700A78151 /* Resources */ = {
			isa = PBXResourcesBuildPhase;
			buildActionMask = 2147483647;
			files = (
			);
			runOnlyForDeploymentPostprocessing = 0;
		};
/* End PBXResourcesBuildPhase section */

/* Begin PBXShellScriptBuildPhase section */
		13927F4FE1D64788E3A1BB11 /* [CP] Embed Pods Frameworks */ = {
			isa = PBXShellScriptBuildPhase;
			buildActionMask = 2147483647;
			files = (
			);
			inputFileListPaths = (
				"${PODS_ROOT}/Target Support Files/Pods-BraveClone/Pods-BraveClone-frameworks-${CONFIGURATION}-input-files.xcfilelist",
			);
			name = "[CP] Embed Pods Frameworks";
			outputFileListPaths = (
				"${PODS_ROOT}/Target Support Files/Pods-BraveClone/Pods-BraveClone-frameworks-${CONFIGURATION}-output-files.xcfilelist",
			);
			runOnlyForDeploymentPostprocessing = 0;
			shellPath = /bin/sh;
			shellScript = "\"${PODS_ROOT}/Target Support Files/Pods-BraveClone/Pods-BraveClone-frameworks.sh\"\n";
			showEnvVarsInLog = 0;
		};
		5F7EA7FA666F88381DFA901D /* [CP] Check Pods Manifest.lock */ = {
			isa = PBXShellScriptBuildPhase;
			buildActionMask = 2147483647;
			files = (
			);
			inputFileListPaths = (
			);
			inputPaths = (
				"${PODS_PODFILE_DIR_PATH}/Podfile.lock",
				"${PODS_ROOT}/Manifest.lock",
			);
			name = "[CP] Check Pods Manifest.lock";
			outputFileListPaths = (
			);
			outputPaths = (
				"$(DERIVED_FILE_DIR)/Pods-BraveClone-checkManifestLockResult.txt",
			);
			runOnlyForDeploymentPostprocessing = 0;
			shellPath = /bin/sh;
			shellScript = "diff \"${PODS_PODFILE_DIR_PATH}/Podfile.lock\" \"${PODS_ROOT}/Manifest.lock\" > /dev/null\nif [ $? != 0 ] ; then\n    # print error to STDERR\n    echo \"error: The sandbox is not in sync with the Podfile.lock. Run 'pod install' or update your CocoaPods installation.\" >&2\n    exit 1\nfi\n# This output is used by Xcode 'outputs' to avoid re-running this script phase.\necho \"SUCCESS\" > \"${SCRIPT_OUTPUT_FILE_0}\"\n";
			showEnvVarsInLog = 0;
		};
		827C31783688D0ED6C5C85A6 /* [CP] Check Pods Manifest.lock */ = {
			isa = PBXShellScriptBuildPhase;
			buildActionMask = 2147483647;
			files = (
			);
			inputFileListPaths = (
			);
			inputPaths = (
				"${PODS_PODFILE_DIR_PATH}/Podfile.lock",
				"${PODS_ROOT}/Manifest.lock",
			);
			name = "[CP] Check Pods Manifest.lock";
			outputFileListPaths = (
			);
			outputPaths = (
				"$(DERIVED_FILE_DIR)/Pods-BraveClone-BraveCloneUITests-checkManifestLockResult.txt",
			);
			runOnlyForDeploymentPostprocessing = 0;
			shellPath = /bin/sh;
			shellScript = "diff \"${PODS_PODFILE_DIR_PATH}/Podfile.lock\" \"${PODS_ROOT}/Manifest.lock\" > /dev/null\nif [ $? != 0 ] ; then\n    # print error to STDERR\n    echo \"error: The sandbox is not in sync with the Podfile.lock. Run 'pod install' or update your CocoaPods installation.\" >&2\n    exit 1\nfi\n# This output is used by Xcode 'outputs' to avoid re-running this script phase.\necho \"SUCCESS\" > \"${SCRIPT_OUTPUT_FILE_0}\"\n";
			showEnvVarsInLog = 0;
		};
		C8F0E47A26C3B4AA813EF196 /* [CP] Check Pods Manifest.lock */ = {
			isa = PBXShellScriptBuildPhase;
			buildActionMask = 2147483647;
			files = (
			);
			inputFileListPaths = (
			);
			inputPaths = (
				"${PODS_PODFILE_DIR_PATH}/Podfile.lock",
				"${PODS_ROOT}/Manifest.lock",
			);
			name = "[CP] Check Pods Manifest.lock";
			outputFileListPaths = (
			);
			outputPaths = (
				"$(DERIVED_FILE_DIR)/Pods-BraveCloneTests-checkManifestLockResult.txt",
			);
			runOnlyForDeploymentPostprocessing = 0;
			shellPath = /bin/sh;
			shellScript = "diff \"${PODS_PODFILE_DIR_PATH}/Podfile.lock\" \"${PODS_ROOT}/Manifest.lock\" > /dev/null\nif [ $? != 0 ] ; then\n    # print error to STDERR\n    echo \"error: The sandbox is not in sync with the Podfile.lock. Run 'pod install' or update your CocoaPods installation.\" >&2\n    exit 1\nfi\n# This output is used by Xcode 'outputs' to avoid re-running this script phase.\necho \"SUCCESS\" > \"${SCRIPT_OUTPUT_FILE_0}\"\n";
			showEnvVarsInLog = 0;
		};
		F44D41A7502811664CADC677 /* [CP] Embed Pods Frameworks */ = {
			isa = PBXShellScriptBuildPhase;
			buildActionMask = 2147483647;
			files = (
			);
			inputFileListPaths = (
				"${PODS_ROOT}/Target Support Files/Pods-BraveClone-BraveCloneUITests/Pods-BraveClone-BraveCloneUITests-frameworks-${CONFIGURATION}-input-files.xcfilelist",
			);
			name = "[CP] Embed Pods Frameworks";
			outputFileListPaths = (
				"${PODS_ROOT}/Target Support Files/Pods-BraveClone-BraveCloneUITests/Pods-BraveClone-BraveCloneUITests-frameworks-${CONFIGURATION}-output-files.xcfilelist",
			);
			runOnlyForDeploymentPostprocessing = 0;
			shellPath = /bin/sh;
			shellScript = "\"${PODS_ROOT}/Target Support Files/Pods-BraveClone-BraveCloneUITests/Pods-BraveClone-BraveCloneUITests-frameworks.sh\"\n";
			showEnvVarsInLog = 0;
		};
/* End PBXShellScriptBuildPhase section */

/* Begin PBXSourcesBuildPhase section */
		2A47ED6828F58B3500A78151 /* Sources */ = {
			isa = PBXSourcesBuildPhase;
			buildActionMask = 2147483647;
			files = (
				2A47ED7228F58B3500A78151 /* ContentView.swift in Sources */,
				2A88FE5128F9870E0058303A /* SceneDelegate.swift in Sources */,
				2A88FE4328F6F0680058303A /* URLExtensions.swift in Sources */,
				2A47ED7028F58B3500A78151 /* BraveCloneApp.swift in Sources */,
				2A88FE2828F5A4360058303A /* WebServer.swift in Sources */,
				2A88FE3C28F6EAD70058303A /* AppDelegate.swift in Sources */,
				2A88FE3328F5A4F20058303A /* AppConstants.swift in Sources */,
			);
			runOnlyForDeploymentPostprocessing = 0;
		};
		2A47ED7928F58B3700A78151 /* Sources */ = {
			isa = PBXSourcesBuildPhase;
			buildActionMask = 2147483647;
			files = (
				2A88FE4428F6F0680058303A /* URLExtensions.swift in Sources */,
				2A88FE5228F9870E0058303A /* SceneDelegate.swift in Sources */,
				2A47ED8228F58B3700A78151 /* BraveCloneTests.swift in Sources */,
				2A88FE3428F5A4F20058303A /* AppConstants.swift in Sources */,
				2A88FE2928F5A4360058303A /* WebServer.swift in Sources */,
				2A88FE3D28F6EAD70058303A /* AppDelegate.swift in Sources */,
				2A88FE4028F6EE1B0058303A /* ClientTests.swift in Sources */,
			);
			runOnlyForDeploymentPostprocessing = 0;
		};
		2A47ED8328F58B3700A78151 /* Sources */ = {
			isa = PBXSourcesBuildPhase;
			buildActionMask = 2147483647;
			files = (
				2A47ED8C28F58B3700A78151 /* BraveCloneUITests.swift in Sources */,
				2A88FE5328F9870E0058303A /* SceneDelegate.swift in Sources */,
				2A88FE4528F6F0680058303A /* URLExtensions.swift in Sources */,
				2A47ED8E28F58B3700A78151 /* BraveCloneUITestsLaunchTests.swift in Sources */,
				2A88FE2A28F5A4360058303A /* WebServer.swift in Sources */,
				2A88FE3E28F6EAD70058303A /* AppDelegate.swift in Sources */,
				2A88FE3528F5A4F20058303A /* AppConstants.swift in Sources */,
			);
			runOnlyForDeploymentPostprocessing = 0;
		};
/* End PBXSourcesBuildPhase section */

/* Begin PBXTargetDependency section */
		2A47ED7F28F58B3700A78151 /* PBXTargetDependency */ = {
			isa = PBXTargetDependency;
			target = 2A47ED6B28F58B3500A78151 /* BraveClone */;
			targetProxy = 2A47ED7E28F58B3700A78151 /* PBXContainerItemProxy */;
		};
		2A47ED8928F58B3700A78151 /* PBXTargetDependency */ = {
			isa = PBXTargetDependency;
			target = 2A47ED6B28F58B3500A78151 /* BraveClone */;
			targetProxy = 2A47ED8828F58B3700A78151 /* PBXContainerItemProxy */;
		};
/* End PBXTargetDependency section */

/* Begin XCBuildConfiguration section */
		2A47ED8F28F58B3700A78151 /* Debug */ = {
			isa = XCBuildConfiguration;
			buildSettings = {
				ALWAYS_SEARCH_USER_PATHS = NO;
				CLANG_ANALYZER_NONNULL = YES;
				CLANG_ANALYZER_NUMBER_OBJECT_CONVERSION = YES_AGGRESSIVE;
				CLANG_CXX_LANGUAGE_STANDARD = "gnu++20";
				CLANG_ENABLE_MODULES = YES;
				CLANG_ENABLE_OBJC_ARC = YES;
				CLANG_ENABLE_OBJC_WEAK = YES;
				CLANG_WARN_BLOCK_CAPTURE_AUTORELEASING = YES;
				CLANG_WARN_BOOL_CONVERSION = YES;
				CLANG_WARN_COMMA = YES;
				CLANG_WARN_CONSTANT_CONVERSION = YES;
				CLANG_WARN_DEPRECATED_OBJC_IMPLEMENTATIONS = YES;
				CLANG_WARN_DIRECT_OBJC_ISA_USAGE = YES_ERROR;
				CLANG_WARN_DOCUMENTATION_COMMENTS = YES;
				CLANG_WARN_EMPTY_BODY = YES;
				CLANG_WARN_ENUM_CONVERSION = YES;
				CLANG_WARN_INFINITE_RECURSION = YES;
				CLANG_WARN_INT_CONVERSION = YES;
				CLANG_WARN_NON_LITERAL_NULL_CONVERSION = YES;
				CLANG_WARN_OBJC_IMPLICIT_RETAIN_SELF = YES;
				CLANG_WARN_OBJC_LITERAL_CONVERSION = YES;
				CLANG_WARN_OBJC_ROOT_CLASS = YES_ERROR;
				CLANG_WARN_QUOTED_INCLUDE_IN_FRAMEWORK_HEADER = YES;
				CLANG_WARN_RANGE_LOOP_ANALYSIS = YES;
				CLANG_WARN_STRICT_PROTOTYPES = YES;
				CLANG_WARN_SUSPICIOUS_MOVE = YES;
				CLANG_WARN_UNGUARDED_AVAILABILITY = YES_AGGRESSIVE;
				CLANG_WARN_UNREACHABLE_CODE = YES;
				CLANG_WARN__DUPLICATE_METHOD_MATCH = YES;
				COPY_PHASE_STRIP = NO;
				DEBUG_INFORMATION_FORMAT = dwarf;
				ENABLE_STRICT_OBJC_MSGSEND = YES;
				ENABLE_TESTABILITY = YES;
				GCC_C_LANGUAGE_STANDARD = gnu11;
				GCC_DYNAMIC_NO_PIC = NO;
				GCC_NO_COMMON_BLOCKS = YES;
				GCC_OPTIMIZATION_LEVEL = 0;
				GCC_PREPROCESSOR_DEFINITIONS = (
					"DEBUG=1",
					"$(inherited)",
				);
				GCC_WARN_64_TO_32_BIT_CONVERSION = YES;
				GCC_WARN_ABOUT_RETURN_TYPE = YES_ERROR;
				GCC_WARN_UNDECLARED_SELECTOR = YES;
				GCC_WARN_UNINITIALIZED_AUTOS = YES_AGGRESSIVE;
				GCC_WARN_UNUSED_FUNCTION = YES;
				GCC_WARN_UNUSED_VARIABLE = YES;
				IPHONEOS_DEPLOYMENT_TARGET = 15.4;
				MACOSX_DEPLOYMENT_TARGET = 12.3;
				MTL_ENABLE_DEBUG_INFO = INCLUDE_SOURCE;
				MTL_FAST_MATH = YES;
				ONLY_ACTIVE_ARCH = YES;
				SDKROOT = iphoneos;
				SWIFT_ACTIVE_COMPILATION_CONDITIONS = DEBUG;
				SWIFT_OPTIMIZATION_LEVEL = "-Onone";
			};
			name = Debug;
		};
		2A47ED9028F58B3700A78151 /* Release */ = {
			isa = XCBuildConfiguration;
			buildSettings = {
				ALWAYS_SEARCH_USER_PATHS = NO;
				CLANG_ANALYZER_NONNULL = YES;
				CLANG_ANALYZER_NUMBER_OBJECT_CONVERSION = YES_AGGRESSIVE;
				CLANG_CXX_LANGUAGE_STANDARD = "gnu++20";
				CLANG_ENABLE_MODULES = YES;
				CLANG_ENABLE_OBJC_ARC = YES;
				CLANG_ENABLE_OBJC_WEAK = YES;
				CLANG_WARN_BLOCK_CAPTURE_AUTORELEASING = YES;
				CLANG_WARN_BOOL_CONVERSION = YES;
				CLANG_WARN_COMMA = YES;
				CLANG_WARN_CONSTANT_CONVERSION = YES;
				CLANG_WARN_DEPRECATED_OBJC_IMPLEMENTATIONS = YES;
				CLANG_WARN_DIRECT_OBJC_ISA_USAGE = YES_ERROR;
				CLANG_WARN_DOCUMENTATION_COMMENTS = YES;
				CLANG_WARN_EMPTY_BODY = YES;
				CLANG_WARN_ENUM_CONVERSION = YES;
				CLANG_WARN_INFINITE_RECURSION = YES;
				CLANG_WARN_INT_CONVERSION = YES;
				CLANG_WARN_NON_LITERAL_NULL_CONVERSION = YES;
				CLANG_WARN_OBJC_IMPLICIT_RETAIN_SELF = YES;
				CLANG_WARN_OBJC_LITERAL_CONVERSION = YES;
				CLANG_WARN_OBJC_ROOT_CLASS = YES_ERROR;
				CLANG_WARN_QUOTED_INCLUDE_IN_FRAMEWORK_HEADER = YES;
				CLANG_WARN_RANGE_LOOP_ANALYSIS = YES;
				CLANG_WARN_STRICT_PROTOTYPES = YES;
				CLANG_WARN_SUSPICIOUS_MOVE = YES;
				CLANG_WARN_UNGUARDED_AVAILABILITY = YES_AGGRESSIVE;
				CLANG_WARN_UNREACHABLE_CODE = YES;
				CLANG_WARN__DUPLICATE_METHOD_MATCH = YES;
				COPY_PHASE_STRIP = NO;
				DEBUG_INFORMATION_FORMAT = "dwarf-with-dsym";
				ENABLE_NS_ASSERTIONS = NO;
				ENABLE_STRICT_OBJC_MSGSEND = YES;
				GCC_C_LANGUAGE_STANDARD = gnu11;
				GCC_NO_COMMON_BLOCKS = YES;
				GCC_WARN_64_TO_32_BIT_CONVERSION = YES;
				GCC_WARN_ABOUT_RETURN_TYPE = YES_ERROR;
				GCC_WARN_UNDECLARED_SELECTOR = YES;
				GCC_WARN_UNINITIALIZED_AUTOS = YES_AGGRESSIVE;
				GCC_WARN_UNUSED_FUNCTION = YES;
				GCC_WARN_UNUSED_VARIABLE = YES;
				IPHONEOS_DEPLOYMENT_TARGET = 15.4;
				MACOSX_DEPLOYMENT_TARGET = 12.3;
				MTL_ENABLE_DEBUG_INFO = NO;
				MTL_FAST_MATH = YES;
				SDKROOT = iphoneos;
				SWIFT_COMPILATION_MODE = wholemodule;
				SWIFT_OPTIMIZATION_LEVEL = "-O";
			};
			name = Release;
		};
		2A47ED9228F58B3700A78151 /* Debug */ = {
			isa = XCBuildConfiguration;
			baseConfigurationReference = 336263951E4C17CA8364D3A6 /* Pods-BraveClone.debug.xcconfig */;
			buildSettings = {
				ASSETCATALOG_COMPILER_APPICON_NAME = AppIcon;
				ASSETCATALOG_COMPILER_GLOBAL_ACCENT_COLOR_NAME = AccentColor;
				CODE_SIGN_ENTITLEMENTS = BraveClone/BraveClone.entitlements;
				CODE_SIGN_STYLE = Automatic;
				COMBINE_HIDPI_IMAGES = YES;
				CURRENT_PROJECT_VERSION = 1;
				DEVELOPMENT_ASSET_PATHS = "\"BraveClone/Preview Content\"";
				ENABLE_PREVIEWS = YES;
				GENERATE_INFOPLIST_FILE = YES;
				INFOPLIST_KEY_NSHumanReadableCopyright = "";
				LD_RUNPATH_SEARCH_PATHS = (
					"$(inherited)",
					"@executable_path/../Frameworks",
				);
				MARKETING_VERSION = 1.0;
				PRODUCT_BUNDLE_IDENTIFIER = com.okuda.BraveClone;
				PRODUCT_NAME = "$(TARGET_NAME)";
				SUPPORTED_PLATFORMS = "iphonesimulator iphoneos";
				SUPPORTS_MACCATALYST = NO;
				SUPPORTS_MAC_DESIGNED_FOR_IPHONE_IPAD = NO;
				SWIFT_EMIT_LOC_STRINGS = YES;
				SWIFT_VERSION = 5.0;
				TARGETED_DEVICE_FAMILY = 1;
			};
			name = Debug;
		};
		2A47ED9328F58B3700A78151 /* Release */ = {
			isa = XCBuildConfiguration;
			baseConfigurationReference = 4392B46A317FA402B5FA244E /* Pods-BraveClone.release.xcconfig */;
			buildSettings = {
				ASSETCATALOG_COMPILER_APPICON_NAME = AppIcon;
				ASSETCATALOG_COMPILER_GLOBAL_ACCENT_COLOR_NAME = AccentColor;
				CODE_SIGN_ENTITLEMENTS = BraveClone/BraveClone.entitlements;
				CODE_SIGN_STYLE = Automatic;
				COMBINE_HIDPI_IMAGES = YES;
				CURRENT_PROJECT_VERSION = 1;
				DEVELOPMENT_ASSET_PATHS = "\"BraveClone/Preview Content\"";
				ENABLE_PREVIEWS = YES;
				GENERATE_INFOPLIST_FILE = YES;
				INFOPLIST_KEY_NSHumanReadableCopyright = "";
				LD_RUNPATH_SEARCH_PATHS = (
					"$(inherited)",
					"@executable_path/../Frameworks",
				);
				MARKETING_VERSION = 1.0;
				PRODUCT_BUNDLE_IDENTIFIER = com.okuda.BraveClone;
				PRODUCT_NAME = "$(TARGET_NAME)";
				SUPPORTED_PLATFORMS = "iphonesimulator iphoneos";
				SUPPORTS_MACCATALYST = NO;
				SUPPORTS_MAC_DESIGNED_FOR_IPHONE_IPAD = NO;
				SWIFT_EMIT_LOC_STRINGS = YES;
				SWIFT_VERSION = 5.0;
				TARGETED_DEVICE_FAMILY = 1;
			};
			name = Release;
		};
		2A47ED9528F58B3700A78151 /* Debug */ = {
			isa = XCBuildConfiguration;
			baseConfigurationReference = E5CA7AC12306C208100F3146 /* Pods-BraveCloneTests.debug.xcconfig */;
			buildSettings = {
				ALWAYS_EMBED_SWIFT_STANDARD_LIBRARIES = YES;
				BUNDLE_LOADER = "$(TEST_HOST)";
				CODE_SIGN_STYLE = Automatic;
				CURRENT_PROJECT_VERSION = 1;
				GENERATE_INFOPLIST_FILE = YES;
				MACOSX_DEPLOYMENT_TARGET = 12.3;
				MARKETING_VERSION = 1.0;
				PRODUCT_BUNDLE_IDENTIFIER = com.okuda.BraveCloneTests;
				PRODUCT_NAME = "$(TARGET_NAME)";
				SDKROOT = iphoneos;
				SUPPORTED_PLATFORMS = "iphoneos iphonesimulator";
				SUPPORTS_MACCATALYST = NO;
				SUPPORTS_MAC_DESIGNED_FOR_IPHONE_IPAD = NO;
				SWIFT_EMIT_LOC_STRINGS = NO;
				SWIFT_VERSION = 5.0;
				TARGETED_DEVICE_FAMILY = 1;
				TEST_HOST = "$(BUILT_PRODUCTS_DIR)/BraveClone.app/$(BUNDLE_EXECUTABLE_FOLDER_PATH)/BraveClone";
			};
			name = Debug;
		};
		2A47ED9628F58B3700A78151 /* Release */ = {
			isa = XCBuildConfiguration;
			baseConfigurationReference = C3BB8DD1054AA276A08E67EC /* Pods-BraveCloneTests.release.xcconfig */;
			buildSettings = {
				ALWAYS_EMBED_SWIFT_STANDARD_LIBRARIES = YES;
				BUNDLE_LOADER = "$(TEST_HOST)";
				CODE_SIGN_STYLE = Automatic;
				CURRENT_PROJECT_VERSION = 1;
				GENERATE_INFOPLIST_FILE = YES;
				MACOSX_DEPLOYMENT_TARGET = 12.3;
				MARKETING_VERSION = 1.0;
				PRODUCT_BUNDLE_IDENTIFIER = com.okuda.BraveCloneTests;
				PRODUCT_NAME = "$(TARGET_NAME)";
				SDKROOT = iphoneos;
				SUPPORTED_PLATFORMS = "iphoneos iphonesimulator";
				SUPPORTS_MACCATALYST = NO;
				SUPPORTS_MAC_DESIGNED_FOR_IPHONE_IPAD = NO;
				SWIFT_EMIT_LOC_STRINGS = NO;
				SWIFT_VERSION = 5.0;
				TARGETED_DEVICE_FAMILY = 1;
				TEST_HOST = "$(BUILT_PRODUCTS_DIR)/BraveClone.app/$(BUNDLE_EXECUTABLE_FOLDER_PATH)/BraveClone";
			};
			name = Release;
		};
		2A47ED9828F58B3700A78151 /* Debug */ = {
			isa = XCBuildConfiguration;
			baseConfigurationReference = 5E3EF904F93FB3D7C51A77AE /* Pods-BraveClone-BraveCloneUITests.debug.xcconfig */;
			buildSettings = {
				ALWAYS_EMBED_SWIFT_STANDARD_LIBRARIES = YES;
				CODE_SIGN_STYLE = Automatic;
				CURRENT_PROJECT_VERSION = 1;
				GENERATE_INFOPLIST_FILE = YES;
				MARKETING_VERSION = 1.0;
				PRODUCT_BUNDLE_IDENTIFIER = com.okuda.BraveCloneUITests;
				PRODUCT_NAME = "$(TARGET_NAME)";
				SUPPORTED_PLATFORMS = "iphoneos iphonesimulator";
				SUPPORTS_MACCATALYST = NO;
				SUPPORTS_MAC_DESIGNED_FOR_IPHONE_IPAD = NO;
				SWIFT_EMIT_LOC_STRINGS = NO;
				SWIFT_VERSION = 5.0;
				TARGETED_DEVICE_FAMILY = 1;
				TEST_TARGET_NAME = BraveClone;
			};
			name = Debug;
		};
		2A47ED9928F58B3700A78151 /* Release */ = {
			isa = XCBuildConfiguration;
			baseConfigurationReference = D751528996C342690C7E801E /* Pods-BraveClone-BraveCloneUITests.release.xcconfig */;
			buildSettings = {
				ALWAYS_EMBED_SWIFT_STANDARD_LIBRARIES = YES;
				CODE_SIGN_STYLE = Automatic;
				CURRENT_PROJECT_VERSION = 1;
				GENERATE_INFOPLIST_FILE = YES;
				MARKETING_VERSION = 1.0;
				PRODUCT_BUNDLE_IDENTIFIER = com.okuda.BraveCloneUITests;
				PRODUCT_NAME = "$(TARGET_NAME)";
				SUPPORTED_PLATFORMS = "iphoneos iphonesimulator";
				SUPPORTS_MACCATALYST = NO;
				SUPPORTS_MAC_DESIGNED_FOR_IPHONE_IPAD = NO;
				SWIFT_EMIT_LOC_STRINGS = NO;
				SWIFT_VERSION = 5.0;
				TARGETED_DEVICE_FAMILY = 1;
				TEST_TARGET_NAME = BraveClone;
			};
			name = Release;
		};
/* End XCBuildConfiguration section */

/* Begin XCConfigurationList section */
		2A47ED6728F58B3500A78151 /* Build configuration list for PBXProject "BraveClone" */ = {
			isa = XCConfigurationList;
			buildConfigurations = (
				2A47ED8F28F58B3700A78151 /* Debug */,
				2A47ED9028F58B3700A78151 /* Release */,
			);
			defaultConfigurationIsVisible = 0;
			defaultConfigurationName = Release;
		};
		2A47ED9128F58B3700A78151 /* Build configuration list for PBXNativeTarget "BraveClone" */ = {
			isa = XCConfigurationList;
			buildConfigurations = (
				2A47ED9228F58B3700A78151 /* Debug */,
				2A47ED9328F58B3700A78151 /* Release */,
			);
			defaultConfigurationIsVisible = 0;
			defaultConfigurationName = Release;
		};
		2A47ED9428F58B3700A78151 /* Build configuration list for PBXNativeTarget "BraveCloneTests" */ = {
			isa = XCConfigurationList;
			buildConfigurations = (
				2A47ED9528F58B3700A78151 /* Debug */,
				2A47ED9628F58B3700A78151 /* Release */,
			);
			defaultConfigurationIsVisible = 0;
			defaultConfigurationName = Release;
		};
		2A47ED9728F58B3700A78151 /* Build configuration list for PBXNativeTarget "BraveCloneUITests" */ = {
			isa = XCConfigurationList;
			buildConfigurations = (
				2A47ED9828F58B3700A78151 /* Debug */,
				2A47ED9928F58B3700A78151 /* Release */,
			);
			defaultConfigurationIsVisible = 0;
			defaultConfigurationName = Release;
		};
/* End XCConfigurationList section */

/* Begin XCRemoteSwiftPackageReference section */
		2A88FE2B28F5A4900058303A /* XCRemoteSwiftPackageReference "XCGLogger" */ = {
			isa = XCRemoteSwiftPackageReference;
			repositoryURL = "https://github.com/DaveWoodCom/XCGLogger.git";
			requirement = {
				kind = exactVersion;
				version = 7.0.1;
			};
		};
/* End XCRemoteSwiftPackageReference section */
	};
	rootObject = 2A47ED6428F58B3500A78151 /* Project object */;
}
